
Microsoft Visual Studio Solution File, Format Version 12.00
# Visual Studio Version 17
VisualStudioVersion = 17.7.34009.444
MinimumVisualStudioVersion = 10.0.40219.1
Project("{FAE04EC0-301F-11D3-BF4B-00C04F79EFBC}") = "DatabaseCIS211", "DatabaseCIS211\DatabaseCIS211.csproj", "{18E6CBDF-C17E-4837-923B-910BB1DD1F8A}"
EndProject
Global
	GlobalSection(SolutionConfigurationPlatforms) = preSolution
		Debug|Any CPU = Debug|Any CPU
		Release|Any CPU = Release|Any CPU
	EndGlobalSection
	GlobalSection(ProjectConfigurationPlatforms) = postSolution
		{18E6CBDF-C17E-4837-923B-910BB1DD1F8A}.Debug|Any CPU.ActiveCfg = Debug|Any CPU
		{18E6CBDF-C17E-4837-923B-910BB1DD1F8A}.Debug|Any CPU.Build.0 = Debug|Any CPU
		{18E6CBDF-C17E-4837-923B-910BB1DD1F8A}.Release|Any CPU.ActiveCfg = Release|Any CPU
		{18E6CBDF-C17E-4837-923B-910BB1DD1F8A}.Release|Any CPU.Build.0 = Release|Any CPU
	EndGlobalSection
	GlobalSection(SolutionProperties) = preSolution
		HideSolutionNode = FALSE
	EndGlobalSection
	GlobalSection(ExtensibilityGlobals) = postSolution
		SolutionGuid = {F6D2CE1E-AC6F-4832-8B76-7AAA47477B4E}
	EndGlobalSection
EndGlobal
